// !$*UTF8*$!
{
	archiveVersion = 1;
	classes = {
	};
	objectVersion = 50;
	objects = {

/* Begin PBXBuildFile section */
		EE87A1BC26AF85D9007A5C82 /* AppDelegate.swift in Sources */ = {isa = PBXBuildFile; fileRef = EE87A1BB26AF85D9007A5C82 /* AppDelegate.swift */; };
		EE87A1BE26AF85D9007A5C82 /* SceneDelegate.swift in Sources */ = {isa = PBXBuildFile; fileRef = EE87A1BD26AF85D9007A5C82 /* SceneDelegate.swift */; };
		EE87A1C026AF85D9007A5C82 /* ViewController.swift in Sources */ = {isa = PBXBuildFile; fileRef = EE87A1BF26AF85D9007A5C82 /* ViewController.swift */; };
		EE87A1C326AF85D9007A5C82 /* Main.storyboard in Resources */ = {isa = PBXBuildFile; fileRef = EE87A1C126AF85D9007A5C82 /* Main.storyboard */; };
		EE87A1C626AF85D9007A5C82 /* fabr.xcdatamodeld in Sources */ = {isa = PBXBuildFile; fileRef = EE87A1C426AF85D9007A5C82 /* fabr.xcdatamodeld */; };
		EE87A1C826AF85DA007A5C82 /* Assets.xcassets in Resources */ = {isa = PBXBuildFile; fileRef = EE87A1C726AF85DA007A5C82 /* Assets.xcassets */; };
		EE87A1CB26AF85DA007A5C82 /* LaunchScreen.storyboard in Resources */ = {isa = PBXBuildFile; fileRef = EE87A1C926AF85DA007A5C82 /* LaunchScreen.storyboard */; };
/* End PBXBuildFile section */

/* Begin PBXFileReference section */
		EE87A1B826AF85D9007A5C82 /* fabr.app */ = {isa = PBXFileReference; explicitFileType = wrapper.application; includeInIndex = 0; path = fabr.app; sourceTree = BUILT_PRODUCTS_DIR; };
		EE87A1BB26AF85D9007A5C82 /* AppDelegate.swift */ = {isa = PBXFileReference; lastKnownFileType = sourcecode.swift; path = AppDelegate.swift; sourceTree = "<group>"; };
		EE87A1BD26AF85D9007A5C82 /* SceneDelegate.swift */ = {isa = PBXFileReference; lastKnownFileType = sourcecode.swift; path = SceneDelegate.swift; sourceTree = "<group>"; };
		EE87A1BF26AF85D9007A5C82 /* ViewController.swift */ = {isa = PBXFileReference; lastKnownFileType = sourcecode.swift; path = ViewController.swift; sourceTree = "<group>"; };
		EE87A1C226AF85D9007A5C82 /* Base */ = {isa = PBXFileReference; lastKnownFileType = file.storyboard; name = Base; path = Base.lproj/Main.storyboard; sourceTree = "<group>"; };
		EE87A1C526AF85D9007A5C82 /* fabr.xcdatamodel */ = {isa = PBXFileReference; lastKnownFileType = wrapper.xcdatamodel; path = fabr.xcdatamodel; sourceTree = "<group>"; };
		EE87A1C726AF85DA007A5C82 /* Assets.xcassets */ = {isa = PBXFileReference; lastKnownFileType = folder.assetcatalog; path = Assets.xcassets; sourceTree = "<group>"; };
		EE87A1CA26AF85DA007A5C82 /* Base */ = {isa = PBXFileReference; lastKnownFileType = file.storyboard; name = Base; path = Base.lproj/LaunchScreen.storyboard; sourceTree = "<group>"; };
		EE87A1CC26AF85DA007A5C82 /* Info.plist */ = {isa = PBXFileReference; lastKnownFileType = text.plist.xml; path = Info.plist; sourceTree = "<group>"; };
/* End PBXFileReference section */

/* Begin PBXFrameworksBuildPhase section */
		EE87A1B526AF85D9007A5C82 /* Frameworks */ = {
			isa = PBXFrameworksBuildPhase;
			buildActionMask = 2147483647;
			files = (
			);
			runOnlyForDeploymentPostprocessing = 0;
		};
/* End PBXFrameworksBuildPhase section */

/* Begin PBXGroup section */
		EE87A1AF26AF85D9007A5C82 = {
			isa = PBXGroup;
			children = (
				EE87A1BA26AF85D9007A5C82 /* fabr */,
				EE87A1B926AF85D9007A5C82 /* Products */,
			);
			sourceTree = "<group>";
		};
		EE87A1B926AF85D9007A5C82 /* Products */ = {
			isa = PBXGroup;
			children = (
				EE87A1B826AF85D9007A5C82 /* fabr.app */,
			);
			name = Products;
			sourceTree = "<group>";
		};
		EE87A1BA26AF85D9007A5C82 /* fabr */ = {
			isa = PBXGroup;
			children = (
				EE87A1BB26AF85D9007A5C82 /* AppDelegate.swift */,
				EE87A1BD26AF85D9007A5C82 /* SceneDelegate.swift */,
				EE87A1BF26AF85D9007A5C82 /* ViewController.swift */,
				EE87A1C126AF85D9007A5C82 /* Main.storyboard */,
				EE87A1C726AF85DA007A5C82 /* Assets.xcassets */,
				EE87A1C926AF85DA007A5C82 /* LaunchScreen.storyboard */,
				EE87A1CC26AF85DA007A5C82 /* Info.plist */,
				EE87A1C426AF85D9007A5C82 /* fabr.xcdatamodeld */,
			);
			path = fabr;
			sourceTree = "<group>";
		};
/* End PBXGroup section */

/* Begin PBXNativeTarget section */
		EE87A1B726AF85D9007A5C82 /* fabr */ = {
			isa = PBXNativeTarget;
			buildConfigurationList = EE87A1CF26AF85DA007A5C82 /* Build configuration list for PBXNativeTarget "fabr" */;
			buildPhases = (
				EE87A1B426AF85D9007A5C82 /* Sources */,
				EE87A1B526AF85D9007A5C82 /* Frameworks */,
				EE87A1B626AF85D9007A5C82 /* Resources */,
			);
			buildRules = (
			);
			dependencies = (
			);
			name = fabr;
			productName = fabr;
			productReference = EE87A1B826AF85D9007A5C82 /* fabr.app */;
			productType = "com.apple.product-type.application";
		};
/* End PBXNativeTarget section */

/* Begin PBXProject section */
		EE87A1B026AF85D9007A5C82 /* Project object */ = {
			isa = PBXProject;
			attributes = {
				LastSwiftUpdateCheck = 1250;
				LastUpgradeCheck = 1250;
				TargetAttributes = {
					EE87A1B726AF85D9007A5C82 = {
						CreatedOnToolsVersion = 12.5.1;
					};
				};
			};
			buildConfigurationList = EE87A1B326AF85D9007A5C82 /* Build configuration list for PBXProject "fabr" */;
			compatibilityVersion = "Xcode 9.3";
			developmentRegion = en;
			hasScannedForEncodings = 0;
			knownRegions = (
				en,
				Base,
			);
			mainGroup = EE87A1AF26AF85D9007A5C82;
			productRefGroup = EE87A1B926AF85D9007A5C82 /* Products */;
			projectDirPath = "";
			projectRoot = "";
			targets = (
				EE87A1B726AF85D9007A5C82 /* fabr */,
			);
		};
/* End PBXProject section */

/* Begin PBXResourcesBuildPhase section */
		EE87A1B626AF85D9007A5C82 /* Resources */ = {
			isa = PBXResourcesBuildPhase;
			buildActionMask = 2147483647;
			files = (
				EE87A1CB26AF85DA007A5C82 /* LaunchScreen.storyboard in Resources */,
				EE87A1C826AF85DA007A5C82 /* Assets.xcassets in Resources */,
				EE87A1C326AF85D9007A5C82 /* Main.storyboard in Resources */,
			);
			runOnlyForDeploymentPostprocessing = 0;
		};
/* End PBXResourcesBuildPhase section */

/* Begin PBXSourcesBuildPhase section */
		EE87A1B426AF85D9007A5C82 /* Sources */ = {
			isa = PBXSourcesBuildPhase;
			buildActionMask = 2147483647;
			files = (
				EE87A1C626AF85D9007A5C82 /* fabr.xcdatamodeld in Sources */,
				EE87A1C026AF85D9007A5C82 /* ViewController.swift in Sources */,
				EE87A1BC26AF85D9007A5C82 /* AppDelegate.swift in Sources */,
				EE87A1BE26AF85D9007A5C82 /* SceneDelegate.swift in Sources */,
			);
			runOnlyForDeploymentPostprocessing = 0;
		};
/* End PBXSourcesBuildPhase section */

/* Begin PBXVariantGroup section */
		EE87A1C126AF85D9007A5C82 /* Main.storyboard */ = {
			isa = PBXVariantGroup;
			children = (
				EE87A1C226AF85D9007A5C82 /* Base */,
			);
			name = Main.storyboard;
			sourceTree = "<group>";
		};
		EE87A1C926AF85DA007A5C82 /* LaunchScreen.storyboard */ = {
			isa = PBXVariantGroup;
			children = (
				EE87A1CA26AF85DA007A5C82 /* Base */,
			);
			name = LaunchScreen.storyboard;
			sourceTree = "<group>";
		};
/* End PBXVariantGroup section */

/* Begin XCBuildConfiguration section */
		EE87A1CD26AF85DA007A5C82 /* Debug */ = {
			isa = XCBuildConfiguration;
			buildSettings = {
				ALWAYS_SEARCH_USER_PATHS = NO;
				CLANG_ANALYZER_NONNULL = YES;
				CLANG_ANALYZER_NUMBER_OBJECT_CONVERSION = YES_AGGRESSIVE;
				CLANG_CXX_LANGUAGE_STANDARD = "gnu++14";
				CLANG_CXX_LIBRARY = "libc++";
				CLANG_ENABLE_MODULES = YES;
				CLANG_ENABLE_OBJC_ARC = YES;
				CLANG_ENABLE_OBJC_WEAK = YES;
				CLANG_WARN_BLOCK_CAPTURE_AUTORELEASING = YES;
				CLANG_WARN_BOOL_CONVERSION = YES;
				CLANG_WARN_COMMA = YES;
				CLANG_WARN_CONSTANT_CONVERSION = YES;
				CLANG_WARN_DEPRECATED_OBJC_IMPLEMENTATIONS = YES;
				CLANG_WARN_DIRECT_OBJC_ISA_USAGE = YES_ERROR;
				CLANG_WARN_DOCUMENTATION_COMMENTS = YES;
				CLANG_WARN_EMPTY_BODY = YES;
				CLANG_WARN_ENUM_CONVERSION = YES;
				CLANG_WARN_INFINITE_RECURSION = YES;
				CLANG_WARN_INT_CONVERSION = YES;
				CLANG_WARN_NON_LITERAL_NULL_CONVERSION = YES;
				CLANG_WARN_OBJC_IMPLICIT_RETAIN_SELF = YES;
				CLANG_WARN_OBJC_LITERAL_CONVERSION = YES;
				CLANG_WARN_OBJC_ROOT_CLASS = YES_ERROR;
				CLANG_WARN_QUOTED_INCLUDE_IN_FRAMEWORK_HEADER = YES;
				CLANG_WARN_RANGE_LOOP_ANALYSIS = YES;
				CLANG_WARN_STRICT_PROTOTYPES = YES;
				CLANG_WARN_SUSPICIOUS_MOVE = YES;
				CLANG_WARN_UNGUARDED_AVAILABILITY = YES_AGGRESSIVE;
				CLANG_WARN_UNREACHABLE_CODE = YES;
				CLANG_WARN__DUPLICATE_METHOD_MATCH = YES;
				COPY_PHASE_STRIP = NO;
				DEBUG_INFORMATION_FORMAT = dwarf;
				ENABLE_STRICT_OBJC_MSGSEND = YES;
				ENABLE_TESTABILITY = YES;
				GCC_C_LANGUAGE_STANDARD = gnu11;
				GCC_DYNAMIC_NO_PIC = NO;
				GCC_NO_COMMON_BLOCKS = YES;
				GCC_OPTIMIZATION_LEVEL = 0;
				GCC_PREPROCESSOR_DEFINITIONS = (
					"DEBUG=1",
					"$(inherited)",
				);
				GCC_WARN_64_TO_32_BIT_CONVERSION = YES;
				GCC_WARN_ABOUT_RETURN_TYPE = YES_ERROR;
				GCC_WARN_UNDECLARED_SELECTOR = YES;
				GCC_WARN_UNINITIALIZED_AUTOS = YES_AGGRESSIVE;
				GCC_WARN_UNUSED_FUNCTION = YES;
				GCC_WARN_UNUSED_VARIABLE = YES;
				IPHONEOS_DEPLOYMENT_TARGET = 14.5;
				MTL_ENABLE_DEBUG_INFO = INCLUDE_SOURCE;
				MTL_FAST_MATH = YES;
				ONLY_ACTIVE_ARCH = YES;
				SDKROOT = iphoneos;
				SWIFT_ACTIVE_COMPILATION_CONDITIONS = DEBUG;
				SWIFT_OPTIMIZATION_LEVEL = "-Onone";
			};
			name = Debug;
		};
		EE87A1CE26AF85DA007A5C82 /* Release */ = {
			isa = XCBuildConfiguration;
			buildSettings = {
				ALWAYS_SEARCH_USER_PATHS = NO;
				CLANG_ANALYZER_NONNULL = YES;
				CLANG_ANALYZER_NUMBER_OBJECT_CONVERSION = YES_AGGRESSIVE;
				CLANG_CXX_LANGUAGE_STANDARD = "gnu++14";
				CLANG_CXX_LIBRARY = "libc++";
				CLANG_ENABLE_MODULES = YES;
				CLANG_ENABLE_OBJC_ARC = YES;
				CLANG_ENABLE_OBJC_WEAK = YES;
				CLANG_WARN_BLOCK_CAPTURE_AUTORELEASING = YES;
				CLANG_WARN_BOOL_CONVERSION = YES;
				CLANG_WARN_COMMA = YES;
				CLANG_WARN_CONSTANT_CONVERSION = YES;
				CLANG_WARN_DEPRECATED_OBJC_IMPLEMENTATIONS = YES;
				CLANG_WARN_DIRECT_OBJC_ISA_USAGE = YES_ERROR;
				CLANG_WARN_DOCUMENTATION_COMMENTS = YES;
				CLANG_WARN_EMPTY_BODY = YES;
				CLANG_WARN_ENUM_CONVERSION = YES;
				CLANG_WARN_INFINITE_RECURSION = YES;
				CLANG_WARN_INT_CONVERSION = YES;
				CLANG_WARN_NON_LITERAL_NULL_CONVERSION = YES;
				CLANG_WARN_OBJC_IMPLICIT_RETAIN_SELF = YES;
				CLANG_WARN_OBJC_LITERAL_CONVERSION = YES;
				CLANG_WARN_OBJC_ROOT_CLASS = YES_ERROR;
				CLANG_WARN_QUOTED_INCLUDE_IN_FRAMEWORK_HEADER = YES;
				CLANG_WARN_RANGE_LOOP_ANALYSIS = YES;
				CLANG_WARN_STRICT_PROTOTYPES = YES;
				CLANG_WARN_SUSPICIOUS_MOVE = YES;
				CLANG_WARN_UNGUARDED_AVAILABILITY = YES_AGGRESSIVE;
				CLANG_WARN_UNREACHABLE_CODE = YES;
				CLANG_WARN__DUPLICATE_METHOD_MATCH = YES;
				COPY_PHASE_STRIP = NO;
				DEBUG_INFORMATION_FORMAT = "dwarf-with-dsym";
				ENABLE_NS_ASSERTIONS = NO;
				ENABLE_STRICT_OBJC_MSGSEND = YES;
				GCC_C_LANGUAGE_STANDARD = gnu11;
				GCC_NO_COMMON_BLOCKS = YES;
				GCC_WARN_64_TO_32_BIT_CONVERSION = YES;
				GCC_WARN_ABOUT_RETURN_TYPE = YES_ERROR;
				GCC_WARN_UNDECLARED_SELECTOR = YES;
				GCC_WARN_UNINITIALIZED_AUTOS = YES_AGGRESSIVE;
				GCC_WARN_UNUSED_FUNCTION = YES;
				GCC_WARN_UNUSED_VARIABLE = YES;
				IPHONEOS_DEPLOYMENT_TARGET = 14.5;
				MTL_ENABLE_DEBUG_INFO = NO;
				MTL_FAST_MATH = YES;
				SDKROOT = iphoneos;
				SWIFT_COMPILATION_MODE = wholemodule;
				SWIFT_OPTIMIZATION_LEVEL = "-O";
				VALIDATE_PRODUCT = YES;
			};
			name = Release;
		};
		EE87A1D026AF85DA007A5C82 /* Debug */ = {
			isa = XCBuildConfiguration;
			buildSettings = {
				ASSETCATALOG_COMPILER_APPICON_NAME = AppIcon;
				ASSETCATALOG_COMPILER_GLOBAL_ACCENT_COLOR_NAME = AccentColor;
				CODE_SIGN_STYLE = Automatic;
				DEVELOPMENT_TEAM = LP3UHZ556W;
				INFOPLIST_FILE = fabr/Info.plist;
				LD_RUNPATH_SEARCH_PATHS = (
					"$(inherited)",
					"@executable_path/Frameworks",
				);
				PRODUCT_BUNDLE_IDENTIFIER = com.phcs.fabr;
				PRODUCT_NAME = "$(TARGET_NAME)";
				SWIFT_VERSION = 5.0;
				TARGETED_DEVICE_FAMILY = "1,2";
			};
			name = Debug;
		};
		EE87A1D126AF85DA007A5C82 /* Release */ = {
			isa = XCBuildConfiguration;
			buildSettings = {
				ASSETCATALOG_COMPILER_APPICON_NAME = AppIcon;
				ASSETCATALOG_COMPILER_GLOBAL_ACCENT_COLOR_NAME = AccentColor;
				CODE_SIGN_STYLE = Automatic;
				DEVELOPMENT_TEAM = LP3UHZ556W;
				INFOPLIST_FILE = fabr/Info.plist;
				LD_RUNPATH_SEARCH_PATHS = (
					"$(inherited)",
					"@executable_path/Frameworks",
				);
				PRODUCT_BUNDLE_IDENTIFIER = com.phcs.fabr;
				PRODUCT_NAME = "$(TARGET_NAME)";
				SWIFT_VERSION = 5.0;
				TARGETED_DEVICE_FAMILY = "1,2";
			};
			name = Release;
		};
/* End XCBuildConfiguration section */

/* Begin XCConfigurationList section */
		EE87A1B326AF85D9007A5C82 /* Build configuration list for PBXProject "fabr" */ = {
			isa = XCConfigurationList;
			buildConfigurations = (
				EE87A1CD26AF85DA007A5C82 /* Debug */,
				EE87A1CE26AF85DA007A5C82 /* Release */,
			);
			defaultConfigurationIsVisible = 0;
			defaultConfigurationName = Release;
		};
		EE87A1CF26AF85DA007A5C82 /* Build configuration list for PBXNativeTarget "fabr" */ = {
			isa = XCConfigurationList;
			buildConfigurations = (
				EE87A1D026AF85DA007A5C82 /* Debug */,
				EE87A1D126AF85DA007A5C82 /* Release */,
			);
			defaultConfigurationIsVisible = 0;
			defaultConfigurationName = Release;
		};
/* End XCConfigurationList section */

/* Begin XCVersionGroup section */
		EE87A1C426AF85D9007A5C82 /* fabr.xcdatamodeld */ = {
			isa = XCVersionGroup;
			children = (
				EE87A1C526AF85D9007A5C82 /* fabr.xcdatamodel */,
			);
			currentVersion = EE87A1C526AF85D9007A5C82 /* fabr.xcdatamodel */;
			path = fabr.xcdatamodeld;
			sourceTree = "<group>";
			versionGroupType = wrapper.xcdatamodel;
		};
/* End XCVersionGroup section */
	};
	rootObject = EE87A1B026AF85D9007A5C82 /* Project object */;
}
